
Microsoft Visual Studio Solution File, Format Version 12.00
# Visual Studio Version 16
VisualStudioVersion = 16.0.31402.337
MinimumVisualStudioVersion = 10.0.40219.1
Project("{FAE04EC0-301F-11D3-BF4B-00C04F79EFBC}") = "TuyenDungCNTT", "TuyenDungCNTT.csproj", "{9F0FDD33-FDBF-4766-BA9E-009716DC2DEB}"
EndProject
Global
	GlobalSection(SolutionConfigurationPlatforms) = preSolution
		Debug|Any CPU = Debug|Any CPU
		Release|Any CPU = Release|Any CPU
	EndGlobalSection
	GlobalSection(ProjectConfigurationPlatforms) = postSolution
		{9F0FDD33-FDBF-4766-BA9E-009716DC2DEB}.Debug|Any CPU.ActiveCfg = Debug|Any CPU
		{9F0FDD33-FDBF-4766-BA9E-009716DC2DEB}.Debug|Any CPU.Build.0 = Debug|Any CPU
		{9F0FDD33-FDBF-4766-BA9E-009716DC2DEB}.Release|Any CPU.ActiveCfg = Release|Any CPU
		{9F0FDD33-FDBF-4766-BA9E-009716DC2DEB}.Release|Any CPU.Build.0 = Release|Any CPU
	EndGlobalSection
	GlobalSection(SolutionProperties) = preSolution
		HideSolutionNode = FALSE
	EndGlobalSection
	GlobalSection(ExtensibilityGlobals) = postSolution
		SolutionGuid = {3987EAEB-856A-4CE0-89B7-E1BD4C504521}
	EndGlobalSection
EndGlobal
